
Microsoft Visual Studio Solution File, Format Version 12.00
# Visual Studio Version 17
VisualStudioVersion = 17.5.33530.505
MinimumVisualStudioVersion = 10.0.40219.1
Project("{FAE04EC0-301F-11D3-BF4B-00C04F79EFBC}") = "Day12", "Day12\Day12.csproj", "{69FF8979-2B32-4987-809F-C9CF26CAE08F}"
EndProject
Global
	GlobalSection(SolutionConfigurationPlatforms) = preSolution
		Debug|Any CPU = Debug|Any CPU
		Release|Any CPU = Release|Any CPU
	EndGlobalSection
	GlobalSection(ProjectConfigurationPlatforms) = postSolution
		{69FF8979-2B32-4987-809F-C9CF26CAE08F}.Debug|Any CPU.ActiveCfg = Debug|Any CPU
		{69FF8979-2B32-4987-809F-C9CF26CAE08F}.Debug|Any CPU.Build.0 = Debug|Any CPU
		{69FF8979-2B32-4987-809F-C9CF26CAE08F}.Release|Any CPU.ActiveCfg = Release|Any CPU
		{69FF8979-2B32-4987-809F-C9CF26CAE08F}.Release|Any CPU.Build.0 = Release|Any CPU
	EndGlobalSection
	GlobalSection(SolutionProperties) = preSolution
		HideSolutionNode = FALSE
	EndGlobalSection
	GlobalSection(ExtensibilityGlobals) = postSolution
		SolutionGuid = {DCD4C174-5FEB-4395-A835-0FCD4BF9BCF2}
	EndGlobalSection
EndGlobal
